<?xml version="1.0" encoding="utf-8"?>
<Project ToolsVersion="4.0" xmlns="http://schemas.microsoft.com/developer/msbuild/2003">
  <ItemGroup>
    <Filter Include="Source Files">
      <UniqueIdentifier>{4FC737F1-C7A5-4376-A066-2A32D752A2FF}</UniqueIdentifier>
      <Extensions>cpp;c;cc;cxx;c++;cppm;ixx;def;odl;idl;hpj;bat;asm;asmx</Extensions>
    </Filter>
    <Filter Include="Header Files">
      <UniqueIdentifier>{93995380-89BD-4b04-88EB-625FBE52EBFB}</UniqueIdentifier>
      <Extensions>h;hh;hpp;hxx;h++;hm;inl;inc;ipp;xsd</Extensions>
    </Filter>
    <Filter Include="Resource Files">
      <UniqueIdentifier>{67DA6AB6-F800-4c08-8B7A-83BB121AAD01}</UniqueIdentifier>
      <Extensions>rc;ico;cur;bmp;dlg;rc2;rct;bin;rgs;gif;jpg;jpeg;jpe;resx;tiff;tif;png;wav;mfcribbon-ms</Extensions>
    </Filter>
  </ItemGroup>
  <ItemGroup>
    <ClCompile Include="..\..\Source\ai.c">
      <Filter>Source Files</Filter>
    </ClCompile>
    <ClCompile Include="..\..\Source\bench.c">
      <Filter>Source Files</Filter>
    </ClCompile>
    <ClCompile Include="..\..\Source\card.c">
      <Filter>Source Files</Filter>
    </ClCompile>
    <ClCompile Include="..\..\Source\dblbuf.c">
      <Filter>Source Files</Filter>
    </ClCompile>
    <ClCompile Include="..\..\Source\engine.c">
      <Filter>Source Files</Filter>
    </ClCompile>
    <ClCompile Include="..\..\Source\entity.c">
      <Filter>Source Files</Filter>
    </ClCompile>
    <ClCompile Include="..\..\Source\globals.c">
      <Filter>Source Files</Filter>
    </ClCompile>
    <ClCompile Include="..\..\Source\images.c">
      <Filter>Source Files</Filter>
    </ClCompile>
    <ClCompile Include="..\..\Source\load.c">
      <Filter>Source Files</Filter>
    </ClCompile>
    <ClCompile Include="..\..\Source\main.c">
      <Filter>Source Files</Filter>
    </ClCompile>
    <ClCompile Include="..\..\Source\menu.c">
      <Filter>Source Files</Filter>
    </ClCompile>
    <ClCompile Include="..\..\Source\message.c">
      <Filter>Source Files</Filter>
    </ClCompile>
    <ClCompile Include="..\..\Source\misc.c">
      <Filter>Source Files</Filter>
    </ClCompile>
    <ClCompile Include="..\..\Source\picture.c">
      <Filter>Source Files</Filter>
    </ClCompile>
    <ClCompile Include="..\..\Source\process.c">
      <Filter>Source Files</Filter>
    </ClCompile>
    <ClCompile Include="..\..\Source\render.c">
      <Filter>Source Files</Filter>
    </ClCompile>
    <ClCompile Include="..\..\Source\settings.c">
      <Filter>Source Files</Filter>
    </ClCompile>
    <ClCompile Include="..\..\Source\timebase.c">
      <Filter>Source Files</Filter>
    </ClCompile>
    <ClCompile Include="..\..\Source\winproc.c">
      <Filter>Source Files</Filter>
    </ClCompile>
    <ClCompile Include="..\..\Source\log.c">
      <Filter>Source Files</Filter>
    </ClCompile>
  </ItemGroup>
  <ItemGroup>
    <ClInclude Include="..\..\Headers\main.h">
      <Filter>Header Files</Filter>
    </ClInclude>
    <ClInclude Include="..\..\Headers\constants.h">
      <Filter>Header Files</Filter>
    </ClInclude>
    <ClInclude Include="..\..\Headers\functions.h">
      <Filter>Header Files</Filter>
    </ClInclude>
    <ClInclude Include="..\..\Headers\types.h">
      <Filter>Header Files</Filter>
    </ClInclude>
  </ItemGroup>
  <ItemGroup>
    <Image Include="..\..\Resources\II.ico">
      <Filter>Resource Files</Filter>
    </Image>
  </ItemGroup>
  <ItemGroup>
    <ResourceCompile Include="..\..\Resources\main.rc">
      <Filter>Resource Files</Filter>
    </ResourceCompile>
  </ItemGroup>
</Project>