
Microsoft Visual Studio Solution File, Format Version 12.00
# Visual Studio Version 17
VisualStudioVersion = 17.13.35931.197
MinimumVisualStudioVersion = 10.0.40219.1
Project("{2150E333-8FDC-42A3-9474-1A3956D46DE8}") = ".vscode", ".vscode", "{02EA681E-C7D8-13C7-8484-4AC65E1B71E8}"
	ProjectSection(SolutionItems) = preProject
		..\.vscode\c_cpp_properties.json = ..\.vscode\c_cpp_properties.json
		..\.vscode\launch.json = ..\.vscode\launch.json
		..\.vscode\settings.json = ..\.vscode\settings.json
		..\.vscode\tasks.json = ..\.vscode\tasks.json
	EndProjectSection
EndProject
Project("{2150E333-8FDC-42A3-9474-1A3956D46DE8}") = "Ubuntu", "Ubuntu", "{311B5209-CAC9-48E1-829F-A0A1205C1799}"
EndProject
Project("{2150E333-8FDC-42A3-9474-1A3956D46DE8}") = "i686", "i686", "{8AA63E9F-C320-411D-8891-ECA6B502F466}"
	ProjectSection(SolutionItems) = preProject
		..\.vscode\Ubuntu\i686\launch.json = ..\.vscode\Ubuntu\i686\launch.json
		..\.vscode\Ubuntu\i686\tasks.json = ..\.vscode\Ubuntu\i686\tasks.json
	EndProjectSection
EndProject
Project("{2150E333-8FDC-42A3-9474-1A3956D46DE8}") = "x64", "x64", "{CCD359DE-9340-4FDD-9538-3862B452029C}"
	ProjectSection(SolutionItems) = preProject
		..\.vscode\Ubuntu\x64\launch.json = ..\.vscode\Ubuntu\x64\launch.json
		..\.vscode\Ubuntu\x64\tasks.json = ..\.vscode\Ubuntu\x64\tasks.json
	EndProjectSection
EndProject
Project("{2150E333-8FDC-42A3-9474-1A3956D46DE8}") = "Windows", "Windows", "{4609D6ED-AB27-487B-A331-C0C9EF4C1E8C}"
EndProject
Project("{2150E333-8FDC-42A3-9474-1A3956D46DE8}") = "x64", "x64", "{55FF910A-E039-45D7-B08C-9ECC3B3A4CD5}"
	ProjectSection(SolutionItems) = preProject
		..\.vscode\Windows\x64\launch.json = ..\.vscode\Windows\x64\launch.json
		..\.vscode\Windows\x64\tasks.json = ..\.vscode\Windows\x64\tasks.json
	EndProjectSection
EndProject
Project("{2150E333-8FDC-42A3-9474-1A3956D46DE8}") = "CodeBlocks", "CodeBlocks", "{FCF54445-566E-413E-BEDD-EFBACC2C6B5B}"
	ProjectSection(SolutionItems) = preProject
		..\CodeBlocks\Gatherers.cbp = ..\CodeBlocks\Gatherers.cbp
		..\CodeBlocks\Gatherers.depend = ..\CodeBlocks\Gatherers.depend
		..\CodeBlocks\Gatherers.layout = ..\CodeBlocks\Gatherers.layout
	EndProjectSection
EndProject
Project("{2150E333-8FDC-42A3-9474-1A3956D46DE8}") = "Solution Items", "Solution Items", "{8EC462FD-D22E-90A8-E5CE-7E832BA40C5D}"
	ProjectSection(SolutionItems) = preProject
		..\.gitignore = ..\.gitignore
		..\Assets\BL\BB0.bmp = ..\Assets\BL\BB0.bmp
		..\Assets\BL\BB1.bmp = ..\Assets\BL\BB1.bmp
		..\Assets\BL\BG0.bmp = ..\Assets\BL\BG0.bmp
		..\Assets\BL\BO0.bmp = ..\Assets\BL\BO0.bmp
		..\Assets\BL\BP0.bmp = ..\Assets\BL\BP0.bmp
		..\Assets\BL\BP1.bmp = ..\Assets\BL\BP1.bmp
		..\Assets\BL\BR0.bmp = ..\Assets\BL\BR0.bmp
		..\Assets\BL\BW0.bmp = ..\Assets\BL\BW0.bmp
		..\Assets\BL\BY0.bmp = ..\Assets\BL\BY0.bmp
		..\Assets\BL\B_M.bmp = ..\Assets\BL\B_M.bmp
		..\README.md = ..\README.md
	EndProjectSection
EndProject
Project("{2150E333-8FDC-42A3-9474-1A3956D46DE8}") = "Dev-C++", "Dev-C++", "{B78CDBD3-503D-457A-AB3D-92D73525C5A7}"
	ProjectSection(SolutionItems) = preProject
		..\Dev-C++\Gatherers.dev = ..\Dev-C++\Gatherers.dev
		..\Dev-C++\Gatherers.layout = ..\Dev-C++\Gatherers.layout
		..\Dev-C++\Gatherers_private.h = ..\Dev-C++\Gatherers_private.h
		..\Dev-C++\Gatherers_private.rc = ..\Dev-C++\Gatherers_private.rc
		..\Dev-C++\Makefile.win = ..\Dev-C++\Makefile.win
	EndProjectSection
EndProject
Project("{8BC9CEB8-8B4A-11D0-8D11-00A0C91BC942}") = "Gatherers", "Gatherers\Gatherers.vcxproj", "{4D56BDDF-9D81-4256-98B8-1A86C960B716}"
EndProject
Project("{2150E333-8FDC-42A3-9474-1A3956D46DE8}") = "Assets", "Assets", "{D41F381D-F5E6-4833-9B04-3ED6C3FE289A}"
EndProject
Project("{2150E333-8FDC-42A3-9474-1A3956D46DE8}") = "BL", "BL", "{7F94F9AF-3C45-457F-B63C-6EA647648B53}"
	ProjectSection(SolutionItems) = preProject
		..\Assets\BL\BB0.bmp = ..\Assets\BL\BB0.bmp
		..\Assets\BL\BB1.bmp = ..\Assets\BL\BB1.bmp
		..\Assets\BL\BG0.bmp = ..\Assets\BL\BG0.bmp
		..\Assets\BL\BO0.bmp = ..\Assets\BL\BO0.bmp
		..\Assets\BL\BP0.bmp = ..\Assets\BL\BP0.bmp
		..\Assets\BL\BP1.bmp = ..\Assets\BL\BP1.bmp
		..\Assets\BL\BR0.bmp = ..\Assets\BL\BR0.bmp
		..\Assets\BL\BW0.bmp = ..\Assets\BL\BW0.bmp
		..\Assets\BL\BY0.bmp = ..\Assets\BL\BY0.bmp
		..\Assets\BL\B_M.bmp = ..\Assets\BL\B_M.bmp
	EndProjectSection
EndProject
Project("{2150E333-8FDC-42A3-9474-1A3956D46DE8}") = "CA", "CA", "{955A6454-0C2F-44B8-B970-41B99D6C5363}"
	ProjectSection(SolutionItems) = preProject
		..\Assets\CA\CA0.bmp = ..\Assets\CA\CA0.bmp
		..\Assets\CA\CA1.bmp = ..\Assets\CA\CA1.bmp
		..\Assets\CA\CA2.bmp = ..\Assets\CA\CA2.bmp
		..\Assets\CA\CA3.bmp = ..\Assets\CA\CA3.bmp
		..\Assets\CA\CC0.bmp = ..\Assets\CA\CC0.bmp
		..\Assets\CA\MO0.bmp = ..\Assets\CA\MO0.bmp
		..\Assets\CA\ST0.bmp = ..\Assets\CA\ST0.bmp
		..\Assets\CA\WO0.bmp = ..\Assets\CA\WO0.bmp
	EndProjectSection
EndProject
Project("{2150E333-8FDC-42A3-9474-1A3956D46DE8}") = "CC", "CC", "{141B69B2-A628-4B6B-8F44-3A2ECE3587F4}"
	ProjectSection(SolutionItems) = preProject
		..\Assets\CC\CC0.bmp = ..\Assets\CC\CC0.bmp
		..\Assets\CC\CC0_M.bmp = ..\Assets\CC\CC0_M.bmp
		..\Assets\CC\CC1.bmp = ..\Assets\CC\CC1.bmp
		..\Assets\CC\CC10.bmp = ..\Assets\CC\CC10.bmp
		..\Assets\CC\CC11.bmp = ..\Assets\CC\CC11.bmp
		..\Assets\CC\CC12.bmp = ..\Assets\CC\CC12.bmp
		..\Assets\CC\CC13.bmp = ..\Assets\CC\CC13.bmp
		..\Assets\CC\CC14.bmp = ..\Assets\CC\CC14.bmp
		..\Assets\CC\CC15.bmp = ..\Assets\CC\CC15.bmp
		..\Assets\CC\CC16.bmp = ..\Assets\CC\CC16.bmp
		..\Assets\CC\CC17.bmp = ..\Assets\CC\CC17.bmp
		..\Assets\CC\CC18.bmp = ..\Assets\CC\CC18.bmp
		..\Assets\CC\CC19.bmp = ..\Assets\CC\CC19.bmp
		..\Assets\CC\CC2.bmp = ..\Assets\CC\CC2.bmp
		..\Assets\CC\CC20.bmp = ..\Assets\CC\CC20.bmp
		..\Assets\CC\CC21.bmp = ..\Assets\CC\CC21.bmp
		..\Assets\CC\CC22.bmp = ..\Assets\CC\CC22.bmp
		..\Assets\CC\CC23.bmp = ..\Assets\CC\CC23.bmp
		..\Assets\CC\CC24.bmp = ..\Assets\CC\CC24.bmp
		..\Assets\CC\CC25.bmp = ..\Assets\CC\CC25.bmp
		..\Assets\CC\CC3.bmp = ..\Assets\CC\CC3.bmp
		..\Assets\CC\CC4.bmp = ..\Assets\CC\CC4.bmp
		..\Assets\CC\CC5.bmp = ..\Assets\CC\CC5.bmp
		..\Assets\CC\CC6.bmp = ..\Assets\CC\CC6.bmp
		..\Assets\CC\CC7.bmp = ..\Assets\CC\CC7.bmp
		..\Assets\CC\CC8.bmp = ..\Assets\CC\CC8.bmp
		..\Assets\CC\CC9.bmp = ..\Assets\CC\CC9.bmp
	EndProjectSection
EndProject
Project("{2150E333-8FDC-42A3-9474-1A3956D46DE8}") = "GA", "GA", "{395C81BC-2991-47BB-AF7D-9A9D63D99D60}"
	ProjectSection(SolutionItems) = preProject
		..\Assets\GA\GA0.bmp = ..\Assets\GA\GA0.bmp
	EndProjectSection
EndProject
Project("{2150E333-8FDC-42A3-9474-1A3956D46DE8}") = "HU", "HU", "{19A438DA-7FC7-4F11-8B6E-B2B6B5ED054A}"
	ProjectSection(SolutionItems) = preProject
		..\Assets\HU\DI0.bmp = ..\Assets\HU\DI0.bmp
		..\Assets\HU\HU0.bmp = ..\Assets\HU\HU0.bmp
		..\Assets\HU\HU0_M.bmp = ..\Assets\HU\HU0_M.bmp
		..\Assets\HU\HU1.bmp = ..\Assets\HU\HU1.bmp
	EndProjectSection
EndProject
Project("{2150E333-8FDC-42A3-9474-1A3956D46DE8}") = "II", "II", "{B4FEC885-314A-487F-B845-37B1F49CDB45}"
	ProjectSection(SolutionItems) = preProject
		..\Assets\II\Illusion Interactive.bmp = ..\Assets\II\Illusion Interactive.bmp
	EndProjectSection
EndProject
Project("{2150E333-8FDC-42A3-9474-1A3956D46DE8}") = "MF", "MF", "{6EC73D84-1635-4D4E-986A-BAA75090A5FC}"
	ProjectSection(SolutionItems) = preProject
		..\Assets\MF\MF0.bmp = ..\Assets\MF\MF0.bmp
		..\Assets\MF\MF0_M.bmp = ..\Assets\MF\MF0_M.bmp
		..\Assets\MF\MF1.bmp = ..\Assets\MF\MF1.bmp
		..\Assets\MF\MF1_M.bmp = ..\Assets\MF\MF1_M.bmp
		..\Assets\MF\MF2.bmp = ..\Assets\MF\MF2.bmp
		..\Assets\MF\MF2_M.bmp = ..\Assets\MF\MF2_M.bmp
		..\Assets\MF\MF3.bmp = ..\Assets\MF\MF3.bmp
		..\Assets\MF\MF3_M.bmp = ..\Assets\MF\MF3_M.bmp
		..\Assets\MF\MF4.bmp = ..\Assets\MF\MF4.bmp
		..\Assets\MF\MF4_M.bmp = ..\Assets\MF\MF4_M.bmp
	EndProjectSection
EndProject
Project("{2150E333-8FDC-42A3-9474-1A3956D46DE8}") = "MI", "MI", "{DA5AD66F-2AB7-4F28-BA9F-204D2EFBB023}"
	ProjectSection(SolutionItems) = preProject
		..\Assets\MI\MI0.bmp = ..\Assets\MI\MI0.bmp
	EndProjectSection
EndProject
Project("{2150E333-8FDC-42A3-9474-1A3956D46DE8}") = "RE", "RE", "{3D732660-19F4-4760-AD09-E5224BF2E271}"
	ProjectSection(SolutionItems) = preProject
		..\Assets\RE\RE0.bmp = ..\Assets\RE\RE0.bmp
		..\Assets\RE\RE0_M.bmp = ..\Assets\RE\RE0_M.bmp
	EndProjectSection
EndProject
Project("{2150E333-8FDC-42A3-9474-1A3956D46DE8}") = "SU", "SU", "{DC6A49E3-BDA1-418C-A91E-3A7CA077AA1B}"
	ProjectSection(SolutionItems) = preProject
		..\Assets\SU\SU0.bmp = ..\Assets\SU\SU0.bmp
		..\Assets\SU\SU0_M.bmp = ..\Assets\SU\SU0_M.bmp
		..\Assets\SU\SU1.bmp = ..\Assets\SU\SU1.bmp
		..\Assets\SU\SU2.bmp = ..\Assets\SU\SU2.bmp
		..\Assets\SU\SU3.bmp = ..\Assets\SU\SU3.bmp
		..\Assets\SU\SU4.bmp = ..\Assets\SU\SU4.bmp
		..\Assets\SU\SU5.bmp = ..\Assets\SU\SU5.bmp
	EndProjectSection
EndProject
Project("{2150E333-8FDC-42A3-9474-1A3956D46DE8}") = "TE", "TE", "{832C6805-1879-49F0-8729-BBE1D857BA64}"
	ProjectSection(SolutionItems) = preProject
		..\Assets\TE\TE0.bmp = ..\Assets\TE\TE0.bmp
	EndProjectSection
EndProject
Project("{2150E333-8FDC-42A3-9474-1A3956D46DE8}") = "WO", "WO", "{731DD8FA-E3B9-4733-855A-DA410498BF6C}"
	ProjectSection(SolutionItems) = preProject
		..\Assets\WO\WO0.bmp = ..\Assets\WO\WO0.bmp
		..\Assets\WO\WO0_M.bmp = ..\Assets\WO\WO0_M.bmp
		..\Assets\WO\WO1.bmp = ..\Assets\WO\WO1.bmp
		..\Assets\WO\WO2.bmp = ..\Assets\WO\WO2.bmp
	EndProjectSection
EndProject
Global
	GlobalSection(SolutionConfigurationPlatforms) = preSolution
		Debug|x64 = Debug|x64
		Debug|x86 = Debug|x86
		Release|x64 = Release|x64
		Release|x86 = Release|x86
	EndGlobalSection
	GlobalSection(ProjectConfigurationPlatforms) = postSolution
		{4D56BDDF-9D81-4256-98B8-1A86C960B716}.Debug|x64.ActiveCfg = Debug|x64
		{4D56BDDF-9D81-4256-98B8-1A86C960B716}.Debug|x64.Build.0 = Debug|x64
		{4D56BDDF-9D81-4256-98B8-1A86C960B716}.Debug|x86.ActiveCfg = Debug|Win32
		{4D56BDDF-9D81-4256-98B8-1A86C960B716}.Debug|x86.Build.0 = Debug|Win32
		{4D56BDDF-9D81-4256-98B8-1A86C960B716}.Release|x64.ActiveCfg = Release|x64
		{4D56BDDF-9D81-4256-98B8-1A86C960B716}.Release|x64.Build.0 = Release|x64
		{4D56BDDF-9D81-4256-98B8-1A86C960B716}.Release|x86.ActiveCfg = Release|Win32
		{4D56BDDF-9D81-4256-98B8-1A86C960B716}.Release|x86.Build.0 = Release|Win32
	EndGlobalSection
	GlobalSection(SolutionProperties) = preSolution
		HideSolutionNode = FALSE
	EndGlobalSection
	GlobalSection(NestedProjects) = preSolution
		{311B5209-CAC9-48E1-829F-A0A1205C1799} = {02EA681E-C7D8-13C7-8484-4AC65E1B71E8}
		{8AA63E9F-C320-411D-8891-ECA6B502F466} = {311B5209-CAC9-48E1-829F-A0A1205C1799}
		{CCD359DE-9340-4FDD-9538-3862B452029C} = {311B5209-CAC9-48E1-829F-A0A1205C1799}
		{4609D6ED-AB27-487B-A331-C0C9EF4C1E8C} = {02EA681E-C7D8-13C7-8484-4AC65E1B71E8}
		{55FF910A-E039-45D7-B08C-9ECC3B3A4CD5} = {4609D6ED-AB27-487B-A331-C0C9EF4C1E8C}
		{7F94F9AF-3C45-457F-B63C-6EA647648B53} = {D41F381D-F5E6-4833-9B04-3ED6C3FE289A}
		{955A6454-0C2F-44B8-B970-41B99D6C5363} = {D41F381D-F5E6-4833-9B04-3ED6C3FE289A}
		{141B69B2-A628-4B6B-8F44-3A2ECE3587F4} = {D41F381D-F5E6-4833-9B04-3ED6C3FE289A}
		{395C81BC-2991-47BB-AF7D-9A9D63D99D60} = {D41F381D-F5E6-4833-9B04-3ED6C3FE289A}
		{19A438DA-7FC7-4F11-8B6E-B2B6B5ED054A} = {D41F381D-F5E6-4833-9B04-3ED6C3FE289A}
		{B4FEC885-314A-487F-B845-37B1F49CDB45} = {D41F381D-F5E6-4833-9B04-3ED6C3FE289A}
		{6EC73D84-1635-4D4E-986A-BAA75090A5FC} = {D41F381D-F5E6-4833-9B04-3ED6C3FE289A}
		{DA5AD66F-2AB7-4F28-BA9F-204D2EFBB023} = {D41F381D-F5E6-4833-9B04-3ED6C3FE289A}
		{3D732660-19F4-4760-AD09-E5224BF2E271} = {D41F381D-F5E6-4833-9B04-3ED6C3FE289A}
		{DC6A49E3-BDA1-418C-A91E-3A7CA077AA1B} = {D41F381D-F5E6-4833-9B04-3ED6C3FE289A}
		{832C6805-1879-49F0-8729-BBE1D857BA64} = {D41F381D-F5E6-4833-9B04-3ED6C3FE289A}
		{731DD8FA-E3B9-4733-855A-DA410498BF6C} = {D41F381D-F5E6-4833-9B04-3ED6C3FE289A}
	EndGlobalSection
	GlobalSection(ExtensibilityGlobals) = postSolution
		SolutionGuid = {FB999500-8562-45BB-BEAC-60E04591E66F}
	EndGlobalSection
EndGlobal
